
Microsoft Visual Studio Solution File, Format Version 12.00
# Visual Studio Version 17
VisualStudioVersion = 17.11.35303.130
MinimumVisualStudioVersion = 10.0.40219.1
Project("{2150E333-8FDC-42A3-9474-1A3956D46DE8}") = "Task0", "Task0", "{50BFD4AA-8A12-4EFF-829E-17EC9607FEB2}"
EndProject
Project("{9A19103F-16F7-4668-BE54-9A1E7A4F7556}") = "Tyuiu.SafonovRV.Sprint2.Task0.V18", "Tyuiu.SafonovRV.Sprint2.Task0.V18\Tyuiu.SafonovRV.Sprint2.Task0.V18.csproj", "{B17D61C8-D50D-4224-AF62-147968FEB840}"
EndProject
Project("{9A19103F-16F7-4668-BE54-9A1E7A4F7556}") = "Tyuiu.SafonovRV.Sprint2.Task0.V18.Lib", "Tyuiu.SafonovRV.Sprint2.Task0.V18.Lib\Tyuiu.SafonovRV.Sprint2.Task0.V18.Lib.csproj", "{AFAA6C1D-F13E-44B1-A581-A8DECDF7ECBD}"
EndProject
Project("{9A19103F-16F7-4668-BE54-9A1E7A4F7556}") = "Tyuiu.SafonovRV.Sprint2.Task0.V18.Test", "Tyuiu.SafonovRV.Sprint2.Task0.V18.Test\Tyuiu.SafonovRV.Sprint2.Task0.V18.Test.csproj", "{49289844-F471-4E79-8CD1-6FA2174501B6}"
EndProject
Project("{2150E333-8FDC-42A3-9474-1A3956D46DE8}") = "Task1", "Task1", "{688708CC-0567-419E-B7FB-2AD2CD24BAB0}"
EndProject
Project("{9A19103F-16F7-4668-BE54-9A1E7A4F7556}") = "Tyuiu.SafonovRV.Sprint2.Task1.V22", "Tyuiu.SafonovRV.Sprint2.Task1.V22\Tyuiu.SafonovRV.Sprint2.Task1.V22.csproj", "{576BC0DC-BAB4-4FA9-95ED-3A52B97FCF89}"
EndProject
Project("{9A19103F-16F7-4668-BE54-9A1E7A4F7556}") = "Tyuiu.SafonovRV.Sprint2.Task1.V22.Lib", "Tyuiu.SafonovRV.Sprint2.Task1.V22.Lib\Tyuiu.SafonovRV.Sprint2.Task1.V22.Lib.csproj", "{6C2FD949-85D3-42EA-BF90-7D627ABCA75D}"
EndProject
Project("{9A19103F-16F7-4668-BE54-9A1E7A4F7556}") = "Tyuiu.SafonovRV.Sprint2.Task1.V22.Test", "Tyuiu.SafonovRV.Sprint2.Task1.V22.Test\Tyuiu.SafonovRV.Sprint2.Task1.V22.Test.csproj", "{52F4F119-34E2-4AF6-AFAD-040E9E454585}"
EndProject
Project("{2150E333-8FDC-42A3-9474-1A3956D46DE8}") = "Task2", "Task2", "{28F17486-C6DE-4BE6-806E-F391B2C5F9EF}"
EndProject
Project("{FAE04EC0-301F-11D3-BF4B-00C04F79EFBC}") = "Tyuiu.SafonovRV.Sprint2.Task2.V5", "Tyuiu.SafonovRV.Sprint2.Task2.V5\Tyuiu.SafonovRV.Sprint2.Task2.V5.csproj", "{A805A031-AEA2-425C-B9EE-3E49F45D910C}"
EndProject
Project("{FAE04EC0-301F-11D3-BF4B-00C04F79EFBC}") = "Tyuiu.SafonovRV.Sprint2.Task2.V5.Lib", "Tyuiu.SafonovRV.Sprint2.Task2.V5.Lib\Tyuiu.SafonovRV.Sprint2.Task2.V5.Lib.csproj", "{D65D962F-99AA-4D65-B7E2-D2434D2F6C2F}"
EndProject
Project("{FAE04EC0-301F-11D3-BF4B-00C04F79EFBC}") = "Tyuiu.SafonovRV.Sprint2.Task2.V5.Test", "Tyuiu.SafonovRV.Sprint2.Task2.V5.Test\Tyuiu.SafonovRV.Sprint2.Task2.V5.Test.csproj", "{F0D01CC9-9C40-4C33-9A7F-563DF7720185}"
EndProject
Project("{2150E333-8FDC-42A3-9474-1A3956D46DE8}") = "Task3", "Task3", "{685FF669-1ADF-497C-B69C-8B429E035EF3}"
EndProject
Project("{FAE04EC0-301F-11D3-BF4B-00C04F79EFBC}") = "Tyuiu.SafonovRV.Sprint2.Task3.V7", "Tyuiu.SafonovRV.Sprint2.Task3.V7\Tyuiu.SafonovRV.Sprint2.Task3.V7.csproj", "{71EE0C85-5223-47CF-958D-B8499BC9EDB1}"
EndProject
Project("{FAE04EC0-301F-11D3-BF4B-00C04F79EFBC}") = "Tyuiu.SafonovRV.Sprint2.Task3.V7.Lib", "Tyuiu.SafonovRV.Sprint2.Task3.V7.Lib\Tyuiu.SafonovRV.Sprint2.Task3.V7.Lib.csproj", "{3CDD0F15-2C8F-41AB-9777-D1496745E80A}"
EndProject
Project("{FAE04EC0-301F-11D3-BF4B-00C04F79EFBC}") = "Tyuiu.SafonovRV.Sprint2.Task3.V7.Test", "Tyuiu.SafonovRV.Sprint2.Task3.V7.Test\Tyuiu.SafonovRV.Sprint2.Task3.V7.Test.csproj", "{FC0536E3-FC5D-474E-AA71-6809C7DE6496}"
EndProject
Global
	GlobalSection(SolutionConfigurationPlatforms) = preSolution
		Debug|Any CPU = Debug|Any CPU
		Release|Any CPU = Release|Any CPU
	EndGlobalSection
	GlobalSection(ProjectConfigurationPlatforms) = postSolution
		{B17D61C8-D50D-4224-AF62-147968FEB840}.Debug|Any CPU.ActiveCfg = Debug|Any CPU
		{B17D61C8-D50D-4224-AF62-147968FEB840}.Debug|Any CPU.Build.0 = Debug|Any CPU
		{B17D61C8-D50D-4224-AF62-147968FEB840}.Release|Any CPU.ActiveCfg = Release|Any CPU
		{B17D61C8-D50D-4224-AF62-147968FEB840}.Release|Any CPU.Build.0 = Release|Any CPU
		{AFAA6C1D-F13E-44B1-A581-A8DECDF7ECBD}.Debug|Any CPU.ActiveCfg = Debug|Any CPU
		{AFAA6C1D-F13E-44B1-A581-A8DECDF7ECBD}.Debug|Any CPU.Build.0 = Debug|Any CPU
		{AFAA6C1D-F13E-44B1-A581-A8DECDF7ECBD}.Release|Any CPU.ActiveCfg = Release|Any CPU
		{AFAA6C1D-F13E-44B1-A581-A8DECDF7ECBD}.Release|Any CPU.Build.0 = Release|Any CPU
		{49289844-F471-4E79-8CD1-6FA2174501B6}.Debug|Any CPU.ActiveCfg = Debug|Any CPU
		{49289844-F471-4E79-8CD1-6FA2174501B6}.Debug|Any CPU.Build.0 = Debug|Any CPU
		{49289844-F471-4E79-8CD1-6FA2174501B6}.Release|Any CPU.ActiveCfg = Release|Any CPU
		{49289844-F471-4E79-8CD1-6FA2174501B6}.Release|Any CPU.Build.0 = Release|Any CPU
		{576BC0DC-BAB4-4FA9-95ED-3A52B97FCF89}.Debug|Any CPU.ActiveCfg = Debug|Any CPU
		{576BC0DC-BAB4-4FA9-95ED-3A52B97FCF89}.Debug|Any CPU.Build.0 = Debug|Any CPU
		{576BC0DC-BAB4-4FA9-95ED-3A52B97FCF89}.Release|Any CPU.ActiveCfg = Release|Any CPU
		{576BC0DC-BAB4-4FA9-95ED-3A52B97FCF89}.Release|Any CPU.Build.0 = Release|Any CPU
		{6C2FD949-85D3-42EA-BF90-7D627ABCA75D}.Debug|Any CPU.ActiveCfg = Debug|Any CPU
		{6C2FD949-85D3-42EA-BF90-7D627ABCA75D}.Debug|Any CPU.Build.0 = Debug|Any CPU
		{6C2FD949-85D3-42EA-BF90-7D627ABCA75D}.Release|Any CPU.ActiveCfg = Release|Any CPU
		{6C2FD949-85D3-42EA-BF90-7D627ABCA75D}.Release|Any CPU.Build.0 = Release|Any CPU
		{52F4F119-34E2-4AF6-AFAD-040E9E454585}.Debug|Any CPU.ActiveCfg = Debug|Any CPU
		{52F4F119-34E2-4AF6-AFAD-040E9E454585}.Debug|Any CPU.Build.0 = Debug|Any CPU
		{52F4F119-34E2-4AF6-AFAD-040E9E454585}.Release|Any CPU.ActiveCfg = Release|Any CPU
		{52F4F119-34E2-4AF6-AFAD-040E9E454585}.Release|Any CPU.Build.0 = Release|Any CPU
		{A805A031-AEA2-425C-B9EE-3E49F45D910C}.Debug|Any CPU.ActiveCfg = Debug|Any CPU
		{A805A031-AEA2-425C-B9EE-3E49F45D910C}.Debug|Any CPU.Build.0 = Debug|Any CPU
		{A805A031-AEA2-425C-B9EE-3E49F45D910C}.Release|Any CPU.ActiveCfg = Release|Any CPU
		{A805A031-AEA2-425C-B9EE-3E49F45D910C}.Release|Any CPU.Build.0 = Release|Any CPU
		{D65D962F-99AA-4D65-B7E2-D2434D2F6C2F}.Debug|Any CPU.ActiveCfg = Debug|Any CPU
		{D65D962F-99AA-4D65-B7E2-D2434D2F6C2F}.Debug|Any CPU.Build.0 = Debug|Any CPU
		{D65D962F-99AA-4D65-B7E2-D2434D2F6C2F}.Release|Any CPU.ActiveCfg = Release|Any CPU
		{D65D962F-99AA-4D65-B7E2-D2434D2F6C2F}.Release|Any CPU.Build.0 = Release|Any CPU
		{F0D01CC9-9C40-4C33-9A7F-563DF7720185}.Debug|Any CPU.ActiveCfg = Debug|Any CPU
		{F0D01CC9-9C40-4C33-9A7F-563DF7720185}.Debug|Any CPU.Build.0 = Debug|Any CPU
		{F0D01CC9-9C40-4C33-9A7F-563DF7720185}.Release|Any CPU.ActiveCfg = Release|Any CPU
		{F0D01CC9-9C40-4C33-9A7F-563DF7720185}.Release|Any CPU.Build.0 = Release|Any CPU
		{71EE0C85-5223-47CF-958D-B8499BC9EDB1}.Debug|Any CPU.ActiveCfg = Debug|Any CPU
		{71EE0C85-5223-47CF-958D-B8499BC9EDB1}.Debug|Any CPU.Build.0 = Debug|Any CPU
		{71EE0C85-5223-47CF-958D-B8499BC9EDB1}.Release|Any CPU.ActiveCfg = Release|Any CPU
		{71EE0C85-5223-47CF-958D-B8499BC9EDB1}.Release|Any CPU.Build.0 = Release|Any CPU
		{3CDD0F15-2C8F-41AB-9777-D1496745E80A}.Debug|Any CPU.ActiveCfg = Debug|Any CPU
		{3CDD0F15-2C8F-41AB-9777-D1496745E80A}.Debug|Any CPU.Build.0 = Debug|Any CPU
		{3CDD0F15-2C8F-41AB-9777-D1496745E80A}.Release|Any CPU.ActiveCfg = Release|Any CPU
		{3CDD0F15-2C8F-41AB-9777-D1496745E80A}.Release|Any CPU.Build.0 = Release|Any CPU
		{FC0536E3-FC5D-474E-AA71-6809C7DE6496}.Debug|Any CPU.ActiveCfg = Debug|Any CPU
		{FC0536E3-FC5D-474E-AA71-6809C7DE6496}.Debug|Any CPU.Build.0 = Debug|Any CPU
		{FC0536E3-FC5D-474E-AA71-6809C7DE6496}.Release|Any CPU.ActiveCfg = Release|Any CPU
		{FC0536E3-FC5D-474E-AA71-6809C7DE6496}.Release|Any CPU.Build.0 = Release|Any CPU
	EndGlobalSection
	GlobalSection(SolutionProperties) = preSolution
		HideSolutionNode = FALSE
	EndGlobalSection
	GlobalSection(NestedProjects) = preSolution
		{B17D61C8-D50D-4224-AF62-147968FEB840} = {50BFD4AA-8A12-4EFF-829E-17EC9607FEB2}
		{AFAA6C1D-F13E-44B1-A581-A8DECDF7ECBD} = {50BFD4AA-8A12-4EFF-829E-17EC9607FEB2}
		{49289844-F471-4E79-8CD1-6FA2174501B6} = {50BFD4AA-8A12-4EFF-829E-17EC9607FEB2}
		{576BC0DC-BAB4-4FA9-95ED-3A52B97FCF89} = {688708CC-0567-419E-B7FB-2AD2CD24BAB0}
		{6C2FD949-85D3-42EA-BF90-7D627ABCA75D} = {688708CC-0567-419E-B7FB-2AD2CD24BAB0}
		{52F4F119-34E2-4AF6-AFAD-040E9E454585} = {688708CC-0567-419E-B7FB-2AD2CD24BAB0}
		{A805A031-AEA2-425C-B9EE-3E49F45D910C} = {28F17486-C6DE-4BE6-806E-F391B2C5F9EF}
		{D65D962F-99AA-4D65-B7E2-D2434D2F6C2F} = {28F17486-C6DE-4BE6-806E-F391B2C5F9EF}
		{F0D01CC9-9C40-4C33-9A7F-563DF7720185} = {28F17486-C6DE-4BE6-806E-F391B2C5F9EF}
		{71EE0C85-5223-47CF-958D-B8499BC9EDB1} = {685FF669-1ADF-497C-B69C-8B429E035EF3}
		{3CDD0F15-2C8F-41AB-9777-D1496745E80A} = {685FF669-1ADF-497C-B69C-8B429E035EF3}
		{FC0536E3-FC5D-474E-AA71-6809C7DE6496} = {685FF669-1ADF-497C-B69C-8B429E035EF3}
	EndGlobalSection
	GlobalSection(ExtensibilityGlobals) = postSolution
		SolutionGuid = {9C1CE2A7-18A7-4BE8-9985-589F42DA8899}
	EndGlobalSection
EndGlobal
